
Microsoft Visual Studio Solution File, Format Version 12.00
# Visual Studio Version 17
VisualStudioVersion = 17.14.36221.1 d17.14
MinimumVisualStudioVersion = 10.0.40219.1
Project("{8BC9CEB8-8B4A-11D0-8D11-00A0C91BC942}") = "GateServer", "GateServer.vcxproj", "{A031B11C-E3D5-410E-BB04-AC3EBDC7869E}"
EndProject
Global
	GlobalSection(SolutionConfigurationPlatforms) = preSolution
		Debug|x64 = Debug|x64
		Debug|x86 = Debug|x86
		Release|x64 = Release|x64
		Release|x86 = Release|x86
	EndGlobalSection
	GlobalSection(ProjectConfigurationPlatforms) = postSolution
		{A031B11C-E3D5-410E-BB04-AC3EBDC7869E}.Debug|x64.ActiveCfg = Debug|x64
		{A031B11C-E3D5-410E-BB04-AC3EBDC7869E}.Debug|x64.Build.0 = Debug|x64
		{A031B11C-E3D5-410E-BB04-AC3EBDC7869E}.Debug|x86.ActiveCfg = Debug|Win32
		{A031B11C-E3D5-410E-BB04-AC3EBDC7869E}.Debug|x86.Build.0 = Debug|Win32
		{A031B11C-E3D5-410E-BB04-AC3EBDC7869E}.Release|x64.ActiveCfg = Release|x64
		{A031B11C-E3D5-410E-BB04-AC3EBDC7869E}.Release|x64.Build.0 = Release|x64
		{A031B11C-E3D5-410E-BB04-AC3EBDC7869E}.Release|x86.ActiveCfg = Release|Win32
		{A031B11C-E3D5-410E-BB04-AC3EBDC7869E}.Release|x86.Build.0 = Release|Win32
	EndGlobalSection
	GlobalSection(SolutionProperties) = preSolution
		HideSolutionNode = FALSE
	EndGlobalSection
	GlobalSection(ExtensibilityGlobals) = postSolution
		SolutionGuid = {2834F4D1-AA6E-421C-B6DE-BD446A699E9B}
	EndGlobalSection
EndGlobal
